<?xml version="1.0" encoding="utf-8"?>
<Project ToolsVersion="4.0" xmlns="http://schemas.microsoft.com/developer/msbuild/2003">
  <ItemGroup>
    <ClCompile Include="data.cpp">
      <Filter>Source Files</Filter>
    </ClCompile>
    <ClCompile Include="loteria.cpp">
      <Filter>Source Files</Filter>
    </ClCompile>
    <ClCompile Include="main.cpp">
      <Filter>Source Files</Filter>
    </ClCompile>
    <ClCompile Include="tipos.cpp">
      <Filter>Source Files</Filter>
    </ClCompile>
    <ClCompile Include="vstup.cpp">
      <Filter>Source Files</Filter>
    </ClCompile>
    <ClCompile Include="vystup.cpp">
      <Filter>Source Files</Filter>
    </ClCompile>
  </ItemGroup>
  <ItemGroup>
    <ClInclude Include="data.h">
      <Filter>Header Files</Filter>
    </ClInclude>
    <ClInclude Include="loteria.h">
      <Filter>Header Files</Filter>
    </ClInclude>
    <ClInclude Include="tipos.h">
      <Filter>Header Files</Filter>
    </ClInclude>
    <ClInclude Include="vstup.h">
      <Filter>Header Files</Filter>
    </ClInclude>
    <ClInclude Include="vystup.h">
      <Filter>Header Files</Filter>
    </ClInclude>
  </ItemGroup>
  <ItemGroup>
    <Filter Include="Source Files">
      <UniqueIdentifier>{321a6d7c-1cec-4ba0-8f8e-2ec1ae61238d}</UniqueIdentifier>
    </Filter>
    <Filter Include="Header Files">
      <UniqueIdentifier>{2d17235d-e46c-47ea-af58-666000c416aa}</UniqueIdentifier>
    </Filter>
  </ItemGroup>
</Project>